
Microsoft Visual Studio Solution File, Format Version 12.00
Project("{FAE04EC0-301F-11D3-BF4B-00C04F79EFBC}") = "AzulCLI", "AzulCLI\AzulCLI.csproj", "{2F7872F8-0E6F-4B63-AA73-D6E48FA0013B}"
EndProject
Project("{FAE04EC0-301F-11D3-BF4B-00C04F79EFBC}") = "Azul", "Azul\Azul.csproj", "{2779E82B-C355-4DF9-ABEA-1CCED088BBD6}"
EndProject
Project("{FAE04EC0-301F-11D3-BF4B-00C04F79EFBC}") = "NonMLBots", "NonMLBots\NonMLBots.csproj", "{55CD83E0-B9A6-4334-B130-94CD126D1213}"
EndProject
Project("{FAE04EC0-301F-11D3-BF4B-00C04F79EFBC}") = "DeepQLearningBot", "DeepQLearningBot\DeepQLearningBot.csproj", "{23BC34B5-8704-4CFA-8F27-5FE6A2DADEED}"
EndProject
Project("{FAE04EC0-301F-11D3-BF4B-00C04F79EFBC}") = "SaveSystem", "SaveSystem\SaveSystem.csproj", "{78B24348-8CE2-4C4C-815E-ABAAE45506F5}"
EndProject
Project("{FAE04EC0-301F-11D3-BF4B-00C04F79EFBC}") = "AzulTrainer", "AzulTrainer\AzulTrainer.csproj", "{5D55DF86-28BB-4D51-A9B1-BB2C5DECE3D3}"
EndProject
Project("{FAE04EC0-301F-11D3-BF4B-00C04F79EFBC}") = "ProximalPolicyOptimalization", "ProximalPolicyOptimalization\ProximalPolicyOptimalization.csproj", "{06ECD76B-6CD7-4221-BEB0-929E26178E5A}"
EndProject
Global
	GlobalSection(SolutionConfigurationPlatforms) = preSolution
		Debug|Any CPU = Debug|Any CPU
		Release|Any CPU = Release|Any CPU
	EndGlobalSection
	GlobalSection(ProjectConfigurationPlatforms) = postSolution
		{2F7872F8-0E6F-4B63-AA73-D6E48FA0013B}.Debug|Any CPU.ActiveCfg = Debug|Any CPU
		{2F7872F8-0E6F-4B63-AA73-D6E48FA0013B}.Debug|Any CPU.Build.0 = Debug|Any CPU
		{2F7872F8-0E6F-4B63-AA73-D6E48FA0013B}.Release|Any CPU.ActiveCfg = Release|Any CPU
		{2F7872F8-0E6F-4B63-AA73-D6E48FA0013B}.Release|Any CPU.Build.0 = Release|Any CPU
		{2779E82B-C355-4DF9-ABEA-1CCED088BBD6}.Debug|Any CPU.ActiveCfg = Debug|Any CPU
		{2779E82B-C355-4DF9-ABEA-1CCED088BBD6}.Debug|Any CPU.Build.0 = Debug|Any CPU
		{2779E82B-C355-4DF9-ABEA-1CCED088BBD6}.Release|Any CPU.ActiveCfg = Release|Any CPU
		{2779E82B-C355-4DF9-ABEA-1CCED088BBD6}.Release|Any CPU.Build.0 = Release|Any CPU
		{55CD83E0-B9A6-4334-B130-94CD126D1213}.Debug|Any CPU.ActiveCfg = Debug|Any CPU
		{55CD83E0-B9A6-4334-B130-94CD126D1213}.Debug|Any CPU.Build.0 = Debug|Any CPU
		{55CD83E0-B9A6-4334-B130-94CD126D1213}.Release|Any CPU.ActiveCfg = Release|Any CPU
		{55CD83E0-B9A6-4334-B130-94CD126D1213}.Release|Any CPU.Build.0 = Release|Any CPU
		{23BC34B5-8704-4CFA-8F27-5FE6A2DADEED}.Debug|Any CPU.ActiveCfg = Debug|Any CPU
		{23BC34B5-8704-4CFA-8F27-5FE6A2DADEED}.Debug|Any CPU.Build.0 = Debug|Any CPU
		{23BC34B5-8704-4CFA-8F27-5FE6A2DADEED}.Release|Any CPU.ActiveCfg = Release|Any CPU
		{23BC34B5-8704-4CFA-8F27-5FE6A2DADEED}.Release|Any CPU.Build.0 = Release|Any CPU
		{78B24348-8CE2-4C4C-815E-ABAAE45506F5}.Debug|Any CPU.ActiveCfg = Debug|Any CPU
		{78B24348-8CE2-4C4C-815E-ABAAE45506F5}.Debug|Any CPU.Build.0 = Debug|Any CPU
		{78B24348-8CE2-4C4C-815E-ABAAE45506F5}.Release|Any CPU.ActiveCfg = Release|Any CPU
		{78B24348-8CE2-4C4C-815E-ABAAE45506F5}.Release|Any CPU.Build.0 = Release|Any CPU
		{5D55DF86-28BB-4D51-A9B1-BB2C5DECE3D3}.Debug|Any CPU.ActiveCfg = Debug|Any CPU
		{5D55DF86-28BB-4D51-A9B1-BB2C5DECE3D3}.Debug|Any CPU.Build.0 = Debug|Any CPU
		{5D55DF86-28BB-4D51-A9B1-BB2C5DECE3D3}.Release|Any CPU.ActiveCfg = Release|Any CPU
		{5D55DF86-28BB-4D51-A9B1-BB2C5DECE3D3}.Release|Any CPU.Build.0 = Release|Any CPU
		{06ECD76B-6CD7-4221-BEB0-929E26178E5A}.Debug|Any CPU.ActiveCfg = Debug|Any CPU
		{06ECD76B-6CD7-4221-BEB0-929E26178E5A}.Debug|Any CPU.Build.0 = Debug|Any CPU
		{06ECD76B-6CD7-4221-BEB0-929E26178E5A}.Release|Any CPU.ActiveCfg = Release|Any CPU
		{06ECD76B-6CD7-4221-BEB0-929E26178E5A}.Release|Any CPU.Build.0 = Release|Any CPU
	EndGlobalSection
EndGlobal
